
Microsoft Visual Studio Solution File, Format Version 12.00
# Visual Studio Version 17
VisualStudioVersion = 17.5.33627.172
MinimumVisualStudioVersion = 10.0.40219.1
Project("{FAE04EC0-301F-11D3-BF4B-00C04F79EFBC}") = "MedidaDeDoisTriangulosXY", "MedidaDeDoisTriangulosXY\MedidaDeDoisTriangulosXY.csproj", "{C60EAA40-9917-434B-AC08-006A644606B5}"
EndProject
Global
	GlobalSection(SolutionConfigurationPlatforms) = preSolution
		Debug|Any CPU = Debug|Any CPU
		Release|Any CPU = Release|Any CPU
	EndGlobalSection
	GlobalSection(ProjectConfigurationPlatforms) = postSolution
		{C60EAA40-9917-434B-AC08-006A644606B5}.Debug|Any CPU.ActiveCfg = Debug|Any CPU
		{C60EAA40-9917-434B-AC08-006A644606B5}.Debug|Any CPU.Build.0 = Debug|Any CPU
		{C60EAA40-9917-434B-AC08-006A644606B5}.Release|Any CPU.ActiveCfg = Release|Any CPU
		{C60EAA40-9917-434B-AC08-006A644606B5}.Release|Any CPU.Build.0 = Release|Any CPU
	EndGlobalSection
	GlobalSection(SolutionProperties) = preSolution
		HideSolutionNode = FALSE
	EndGlobalSection
	GlobalSection(ExtensibilityGlobals) = postSolution
		SolutionGuid = {B36A93C3-D514-4950-9C10-AA3369A84862}
	EndGlobalSection
EndGlobal
